
Microsoft Visual Studio Solution File, Format Version 12.00
# Visual Studio Version 17
VisualStudioVersion = 17.9.34616.47
MinimumVisualStudioVersion = 10.0.40219.1
Project("{FAE04EC0-301F-11D3-BF4B-00C04F79EFBC}") = "РГР_ЧМІ_№6", "РГР_ЧМІ_№6\РГР_ЧМІ_№6.csproj", "{3D50C507-CCC1-4312-B25E-24225DDB8E7A}"
EndProject
Project("{FAE04EC0-301F-11D3-BF4B-00C04F79EFBC}") = "РГР_ЧМІ_№6_Хемінга", "..\ЧМІ_№6_консоль\ЧМІ_№6_консоль\РГР_ЧМІ_№6_Хемінга.csproj", "{C0B42022-CCDF-4C16-B1AA-E344AC4AB008}"
EndProject
Project("{FAE04EC0-301F-11D3-BF4B-00C04F79EFBC}") = "РГР_ЧМІ_№6_Мілса-Сімпсона", "РГР_ЧМІ_№6_Мілса-Сімпсона\РГР_ЧМІ_№6_Мілса-Сімпсона.csproj", "{B3AE6815-177B-42F9-BBCF-2341EDB2247B}"
EndProject
Global
	GlobalSection(SolutionConfigurationPlatforms) = preSolution
		Debug|Any CPU = Debug|Any CPU
		Release|Any CPU = Release|Any CPU
	EndGlobalSection
	GlobalSection(ProjectConfigurationPlatforms) = postSolution
		{3D50C507-CCC1-4312-B25E-24225DDB8E7A}.Debug|Any CPU.ActiveCfg = Debug|Any CPU
		{3D50C507-CCC1-4312-B25E-24225DDB8E7A}.Debug|Any CPU.Build.0 = Debug|Any CPU
		{3D50C507-CCC1-4312-B25E-24225DDB8E7A}.Release|Any CPU.ActiveCfg = Release|Any CPU
		{3D50C507-CCC1-4312-B25E-24225DDB8E7A}.Release|Any CPU.Build.0 = Release|Any CPU
		{C0B42022-CCDF-4C16-B1AA-E344AC4AB008}.Debug|Any CPU.ActiveCfg = Debug|Any CPU
		{C0B42022-CCDF-4C16-B1AA-E344AC4AB008}.Debug|Any CPU.Build.0 = Debug|Any CPU
		{C0B42022-CCDF-4C16-B1AA-E344AC4AB008}.Release|Any CPU.ActiveCfg = Release|Any CPU
		{C0B42022-CCDF-4C16-B1AA-E344AC4AB008}.Release|Any CPU.Build.0 = Release|Any CPU
		{B3AE6815-177B-42F9-BBCF-2341EDB2247B}.Debug|Any CPU.ActiveCfg = Debug|Any CPU
		{B3AE6815-177B-42F9-BBCF-2341EDB2247B}.Debug|Any CPU.Build.0 = Debug|Any CPU
		{B3AE6815-177B-42F9-BBCF-2341EDB2247B}.Release|Any CPU.ActiveCfg = Release|Any CPU
		{B3AE6815-177B-42F9-BBCF-2341EDB2247B}.Release|Any CPU.Build.0 = Release|Any CPU
	EndGlobalSection
	GlobalSection(SolutionProperties) = preSolution
		HideSolutionNode = FALSE
	EndGlobalSection
	GlobalSection(ExtensibilityGlobals) = postSolution
		SolutionGuid = {9655637E-E52D-445D-A509-F2DD0737496A}
	EndGlobalSection
EndGlobal
